// !$*UTF8*$!
{
	archiveVersion = 1;
	classes = {
	};
	objectVersion = 46;
	objects = {

/* Begin PBXBuildFile section */
		CBD3758A1CC72F59003B3A05 /* main.m in Sources */ = {isa = PBXBuildFile; fileRef = CBD375891CC72F59003B3A05 /* main.m */; };
		CBD3758D1CC72F59003B3A05 /* AppDelegate.m in Sources */ = {isa = PBXBuildFile; fileRef = CBD3758C1CC72F59003B3A05 /* AppDelegate.m */; };
		CBD375901CC72F59003B3A05 /* ViewController.m in Sources */ = {isa = PBXBuildFile; fileRef = CBD3758F1CC72F59003B3A05 /* ViewController.m */; };
		CBD375931CC72F59003B3A05 /* Main.storyboard in Resources */ = {isa = PBXBuildFile; fileRef = CBD375911CC72F59003B3A05 /* Main.storyboard */; };
		CBD375951CC72F59003B3A05 /* Assets.xcassets in Resources */ = {isa = PBXBuildFile; fileRef = CBD375941CC72F59003B3A05 /* Assets.xcassets */; };
		CBD375981CC72F59003B3A05 /* LaunchScreen.storyboard in Resources */ = {isa = PBXBuildFile; fileRef = CBD375961CC72F59003B3A05 /* LaunchScreen.storyboard */; };
/* End PBXBuildFile section */

/* Begin PBXFileReference section */
		CBD375851CC72F59003B3A05 /* HeartbeatPathAnimation.app */ = {isa = PBXFileReference; explicitFileType = wrapper.application; includeInIndex = 0; path = HeartbeatPathAnimation.app; sourceTree = BUILT_PRODUCTS_DIR; };
		CBD375891CC72F59003B3A05 /* main.m */ = {isa = PBXFileReference; lastKnownFileType = sourcecode.c.objc; path = main.m; sourceTree = "<group>"; };
		CBD3758B1CC72F59003B3A05 /* AppDelegate.h */ = {isa = PBXFileReference; lastKnownFileType = sourcecode.c.h; path = AppDelegate.h; sourceTree = "<group>"; };
		CBD3758C1CC72F59003B3A05 /* AppDelegate.m */ = {isa = PBXFileReference; lastKnownFileType = sourcecode.c.objc; path = AppDelegate.m; sourceTree = "<group>"; };
		CBD3758E1CC72F59003B3A05 /* ViewController.h */ = {isa = PBXFileReference; lastKnownFileType = sourcecode.c.h; path = ViewController.h; sourceTree = "<group>"; };
		CBD3758F1CC72F59003B3A05 /* ViewController.m */ = {isa = PBXFileReference; lastKnownFileType = sourcecode.c.objc; path = ViewController.m; sourceTree = "<group>"; };
		CBD375921CC72F59003B3A05 /* Base */ = {isa = PBXFileReference; lastKnownFileType = file.storyboard; name = Base; path = Base.lproj/Main.storyboard; sourceTree = "<group>"; };
		CBD375941CC72F59003B3A05 /* Assets.xcassets */ = {isa = PBXFileReference; lastKnownFileType = folder.assetcatalog; path = Assets.xcassets; sourceTree = "<group>"; };
		CBD375971CC72F59003B3A05 /* Base */ = {isa = PBXFileReference; lastKnownFileType = file.storyboard; name = Base; path = Base.lproj/LaunchScreen.storyboard; sourceTree = "<group>"; };
		CBD375991CC72F59003B3A05 /* Info.plist */ = {isa = PBXFileReference; lastKnownFileType = text.plist.xml; path = Info.plist; sourceTree = "<group>"; };
/* End PBXFileReference section */

/* Begin PBXFrameworksBuildPhase section */
		CBD375821CC72F59003B3A05 /* Frameworks */ = {
			isa = PBXFrameworksBuildPhase;
			buildActionMask = 2147483647;
			files = (
			);
			runOnlyForDeploymentPostprocessing = 0;
		};
/* End PBXFrameworksBuildPhase section */

/* Begin PBXGroup section */
		CBD3757C1CC72F59003B3A05 = {
			isa = PBXGroup;
			children = (
				CBD375871CC72F59003B3A05 /* HeartbeatPathAnimation */,
				CBD375861CC72F59003B3A05 /* Products */,
			);
			sourceTree = "<group>";
		};
		CBD375861CC72F59003B3A05 /* Products */ = {
			isa = PBXGroup;
			children = (
				CBD375851CC72F59003B3A05 /* HeartbeatPathAnimation.app */,
			);
			name = Products;
			sourceTree = "<group>";
		};
		CBD375871CC72F59003B3A05 /* HeartbeatPathAnimation */ = {
			isa = PBXGroup;
			children = (
				CBD3758B1CC72F59003B3A05 /* AppDelegate.h */,
				CBD3758C1CC72F59003B3A05 /* AppDelegate.m */,
				CBD3758E1CC72F59003B3A05 /* ViewController.h */,
				CBD3758F1CC72F59003B3A05 /* ViewController.m */,
				CBD375911CC72F59003B3A05 /* Main.storyboard */,
				CBD375941CC72F59003B3A05 /* Assets.xcassets */,
				CBD375961CC72F59003B3A05 /* LaunchScreen.storyboard */,
				CBD375991CC72F59003B3A05 /* Info.plist */,
				CBD375881CC72F59003B3A05 /* Supporting Files */,
			);
			path = HeartbeatPathAnimation;
			sourceTree = "<group>";
		};
		CBD375881CC72F59003B3A05 /* Supporting Files */ = {
			isa = PBXGroup;
			children = (
				CBD375891CC72F59003B3A05 /* main.m */,
			);
			name = "Supporting Files";
			sourceTree = "<group>";
		};
/* End PBXGroup section */

/* Begin PBXNativeTarget section */
		CBD375841CC72F59003B3A05 /* HeartbeatPathAnimation */ = {
			isa = PBXNativeTarget;
			buildConfigurationList = CBD3759C1CC72F59003B3A05 /* Build configuration list for PBXNativeTarget "HeartbeatPathAnimation" */;
			buildPhases = (
				CBD375811CC72F59003B3A05 /* Sources */,
				CBD375821CC72F59003B3A05 /* Frameworks */,
				CBD375831CC72F59003B3A05 /* Resources */,
			);
			buildRules = (
			);
			dependencies = (
			);
			name = HeartbeatPathAnimation;
			productName = HeartbeatPathAnimation;
			productReference = CBD375851CC72F59003B3A05 /* HeartbeatPathAnimation.app */;
			productType = "com.apple.product-type.application";
		};
/* End PBXNativeTarget section */

/* Begin PBXProject section */
		CBD3757D1CC72F59003B3A05 /* Project object */ = {
			isa = PBXProject;
			attributes = {
				LastUpgradeCheck = 0730;
				ORGANIZATIONNAME = zy;
				TargetAttributes = {
					CBD375841CC72F59003B3A05 = {
						CreatedOnToolsVersion = 7.3;
						DevelopmentTeam = 4578BL25K7;
					};
				};
			};
			buildConfigurationList = CBD375801CC72F59003B3A05 /* Build configuration list for PBXProject "HeartbeatPathAnimation" */;
			compatibilityVersion = "Xcode 3.2";
			developmentRegion = English;
			hasScannedForEncodings = 0;
			knownRegions = (
				en,
				Base,
			);
			mainGroup = CBD3757C1CC72F59003B3A05;
			productRefGroup = CBD375861CC72F59003B3A05 /* Products */;
			projectDirPath = "";
			projectRoot = "";
			targets = (
				CBD375841CC72F59003B3A05 /* HeartbeatPathAnimation */,
			);
		};
/* End PBXProject section */

/* Begin PBXResourcesBuildPhase section */
		CBD375831CC72F59003B3A05 /* Resources */ = {
			isa = PBXResourcesBuildPhase;
			buildActionMask = 2147483647;
			files = (
				CBD375981CC72F59003B3A05 /* LaunchScreen.storyboard in Resources */,
				CBD375951CC72F59003B3A05 /* Assets.xcassets in Resources */,
				CBD375931CC72F59003B3A05 /* Main.storyboard in Resources */,
			);
			runOnlyForDeploymentPostprocessing = 0;
		};
/* End PBXResourcesBuildPhase section */

/* Begin PBXSourcesBuildPhase section */
		CBD375811CC72F59003B3A05 /* Sources */ = {
			isa = PBXSourcesBuildPhase;
			buildActionMask = 2147483647;
			files = (
				CBD375901CC72F59003B3A05 /* ViewController.m in Sources */,
				CBD3758D1CC72F59003B3A05 /* AppDelegate.m in Sources */,
				CBD3758A1CC72F59003B3A05 /* main.m in Sources */,
			);
			runOnlyForDeploymentPostprocessing = 0;
		};
/* End PBXSourcesBuildPhase section */

/* Begin PBXVariantGroup section */
		CBD375911CC72F59003B3A05 /* Main.storyboard */ = {
			isa = PBXVariantGroup;
			children = (
				CBD375921CC72F59003B3A05 /* Base */,
			);
			name = Main.storyboard;
			sourceTree = "<group>";
		};
		CBD375961CC72F59003B3A05 /* LaunchScreen.storyboard */ = {
			isa = PBXVariantGroup;
			children = (
				CBD375971CC72F59003B3A05 /* Base */,
			);
			name = LaunchScreen.storyboard;
			sourceTree = "<group>";
		};
/* End PBXVariantGroup section */

/* Begin XCBuildConfiguration section */
		CBD3759A1CC72F59003B3A05 /* Debug */ = {
			isa = XCBuildConfiguration;
			buildSettings = {
				ALWAYS_SEARCH_USER_PATHS = NO;
				CLANG_ANALYZER_NONNULL = YES;
				CLANG_CXX_LANGUAGE_STANDARD = "gnu++0x";
				CLANG_CXX_LIBRARY = "libc++";
				CLANG_ENABLE_MODULES = YES;
				CLANG_ENABLE_OBJC_ARC = YES;
				CLANG_WARN_BOOL_CONVERSION = YES;
				CLANG_WARN_CONSTANT_CONVERSION = YES;
				CLANG_WARN_DIRECT_OBJC_ISA_USAGE = YES_ERROR;
				CLANG_WARN_EMPTY_BODY = YES;
				CLANG_WARN_ENUM_CONVERSION = YES;
				CLANG_WARN_INT_CONVERSION = YES;
				CLANG_WARN_OBJC_ROOT_CLASS = YES_ERROR;
				CLANG_WARN_UNREACHABLE_CODE = YES;
				CLANG_WARN__DUPLICATE_METHOD_MATCH = YES;
				"CODE_SIGN_IDENTITY[sdk=iphoneos*]" = "iPhone Developer";
				COPY_PHASE_STRIP = NO;
				DEBUG_INFORMATION_FORMAT = dwarf;
				ENABLE_STRICT_OBJC_MSGSEND = YES;
				ENABLE_TESTABILITY = YES;
				GCC_C_LANGUAGE_STANDARD = gnu99;
				GCC_DYNAMIC_NO_PIC = NO;
				GCC_NO_COMMON_BLOCKS = YES;
				GCC_OPTIMIZATION_LEVEL = 0;
				GCC_PREPROCESSOR_DEFINITIONS = (
					"DEBUG=1",
					"$(inherited)",
				);
				GCC_WARN_64_TO_32_BIT_CONVERSION = YES;
				GCC_WARN_ABOUT_RETURN_TYPE = YES_ERROR;
				GCC_WARN_UNDECLARED_SELECTOR = YES;
				GCC_WARN_UNINITIALIZED_AUTOS = YES_AGGRESSIVE;
				GCC_WARN_UNUSED_FUNCTION = YES;
				GCC_WARN_UNUSED_VARIABLE = YES;
				IPHONEOS_DEPLOYMENT_TARGET = 9.3;
				MTL_ENABLE_DEBUG_INFO = YES;
				ONLY_ACTIVE_ARCH = YES;
				SDKROOT = iphoneos;
				TARGETED_DEVICE_FAMILY = "1,2";
			};
			name = Debug;
		};
		CBD3759B1CC72F59003B3A05 /* Release */ = {
			isa = XCBuildConfiguration;
			buildSettings = {
				ALWAYS_SEARCH_USER_PATHS = NO;
				CLANG_ANALYZER_NONNULL = YES;
				CLANG_CXX_LANGUAGE_STANDARD = "gnu++0x";
				CLANG_CXX_LIBRARY = "libc++";
				CLANG_ENABLE_MODULES = YES;
				CLANG_ENABLE_OBJC_ARC = YES;
				CLANG_WARN_BOOL_CONVERSION = YES;
				CLANG_WARN_CONSTANT_CONVERSION = YES;
				CLANG_WARN_DIRECT_OBJC_ISA_USAGE = YES_ERROR;
				CLANG_WARN_EMPTY_BODY = YES;
				CLANG_WARN_ENUM_CONVERSION = YES;
				CLANG_WARN_INT_CONVERSION = YES;
				CLANG_WARN_OBJC_ROOT_CLASS = YES_ERROR;
				CLANG_WARN_UNREACHABLE_CODE = YES;
				CLANG_WARN__DUPLICATE_METHOD_MATCH = YES;
				"CODE_SIGN_IDENTITY[sdk=iphoneos*]" = "iPhone Developer";
				COPY_PHASE_STRIP = NO;
				DEBUG_INFORMATION_FORMAT = "dwarf-with-dsym";
				ENABLE_NS_ASSERTIONS = NO;
				ENABLE_STRICT_OBJC_MSGSEND = YES;
				GCC_C_LANGUAGE_STANDARD = gnu99;
				GCC_NO_COMMON_BLOCKS = YES;
				GCC_WARN_64_TO_32_BIT_CONVERSION = YES;
				GCC_WARN_ABOUT_RETURN_TYPE = YES_ERROR;
				GCC_WARN_UNDECLARED_SELECTOR = YES;
				GCC_WARN_UNINITIALIZED_AUTOS = YES_AGGRESSIVE;
				GCC_WARN_UNUSED_FUNCTION = YES;
				GCC_WARN_UNUSED_VARIABLE = YES;
				IPHONEOS_DEPLOYMENT_TARGET = 9.3;
				MTL_ENABLE_DEBUG_INFO = NO;
				SDKROOT = iphoneos;
				TARGETED_DEVICE_FAMILY = "1,2";
				VALIDATE_PRODUCT = YES;
			};
			name = Release;
		};
		CBD3759D1CC72F59003B3A05 /* Debug */ = {
			isa = XCBuildConfiguration;
			buildSettings = {
				ASSETCATALOG_COMPILER_APPICON_NAME = AppIcon;
				INFOPLIST_FILE = HeartbeatPathAnimation/Info.plist;
				LD_RUNPATH_SEARCH_PATHS = "$(inherited) @executable_path/Frameworks";
				PRODUCT_BUNDLE_IDENTIFIER = ZYD.HeartbeatPathAnimation;
				PRODUCT_NAME = "$(TARGET_NAME)";
			};
			name = Debug;
		};
		CBD3759E1CC72F59003B3A05 /* Release */ = {
			isa = XCBuildConfiguration;
			buildSettings = {
				ASSETCATALOG_COMPILER_APPICON_NAME = AppIcon;
				INFOPLIST_FILE = HeartbeatPathAnimation/Info.plist;
				LD_RUNPATH_SEARCH_PATHS = "$(inherited) @executable_path/Frameworks";
				PRODUCT_BUNDLE_IDENTIFIER = ZYD.HeartbeatPathAnimation;
				PRODUCT_NAME = "$(TARGET_NAME)";
			};
			name = Release;
		};
/* End XCBuildConfiguration section */

/* Begin XCConfigurationList section */
		CBD375801CC72F59003B3A05 /* Build configuration list for PBXProject "HeartbeatPathAnimation" */ = {
			isa = XCConfigurationList;
			buildConfigurations = (
				CBD3759A1CC72F59003B3A05 /* Debug */,
				CBD3759B1CC72F59003B3A05 /* Release */,
			);
			defaultConfigurationIsVisible = 0;
			defaultConfigurationName = Release;
		};
		CBD3759C1CC72F59003B3A05 /* Build configuration list for PBXNativeTarget "HeartbeatPathAnimation" */ = {
			isa = XCConfigurationList;
			buildConfigurations = (
				CBD3759D1CC72F59003B3A05 /* Debug */,
				CBD3759E1CC72F59003B3A05 /* Release */,
			);
			defaultConfigurationIsVisible = 0;
		};
/* End XCConfigurationList section */
	};
	rootObject = CBD3757D1CC72F59003B3A05 /* Project object */;
}
